
Microsoft Visual Studio Solution File, Format Version 12.00
# Visual Studio 14
VisualStudioVersion = 14.0.25420.1
MinimumVisualStudioVersion = 10.0.40219.1
Project("{FAE04EC0-301F-11D3-BF4B-00C04F79EFBC}") = "STMG", "STMGApplication\STMG.csproj", "{06FB61E6-098C-4ABB-8618-BEDC14BD2BDF}"
EndProject
Project("{FAE04EC0-301F-11D3-BF4B-00C04F79EFBC}") = "STMG_Client", "STMG_Client\STMG_Client.csproj", "{219037B5-E3A5-4D59-96C7-D694CA55671E}"
EndProject
Global
	GlobalSection(SolutionConfigurationPlatforms) = preSolution
		Debug|Any CPU = Debug|Any CPU
		Release|Any CPU = Release|Any CPU
	EndGlobalSection
	GlobalSection(ProjectConfigurationPlatforms) = postSolution
		{06FB61E6-098C-4ABB-8618-BEDC14BD2BDF}.Debug|Any CPU.ActiveCfg = Debug|Any CPU
		{06FB61E6-098C-4ABB-8618-BEDC14BD2BDF}.Debug|Any CPU.Build.0 = Debug|Any CPU
		{06FB61E6-098C-4ABB-8618-BEDC14BD2BDF}.Release|Any CPU.ActiveCfg = Release|Any CPU
		{06FB61E6-098C-4ABB-8618-BEDC14BD2BDF}.Release|Any CPU.Build.0 = Release|Any CPU
		{219037B5-E3A5-4D59-96C7-D694CA55671E}.Debug|Any CPU.ActiveCfg = Debug|Any CPU
		{219037B5-E3A5-4D59-96C7-D694CA55671E}.Debug|Any CPU.Build.0 = Debug|Any CPU
		{219037B5-E3A5-4D59-96C7-D694CA55671E}.Release|Any CPU.ActiveCfg = Release|Any CPU
		{219037B5-E3A5-4D59-96C7-D694CA55671E}.Release|Any CPU.Build.0 = Release|Any CPU
	EndGlobalSection
	GlobalSection(SolutionProperties) = preSolution
		HideSolutionNode = FALSE
	EndGlobalSection
EndGlobal
